
Microsoft Visual Studio Solution File, Format Version 12.00
# Visual Studio Version 16
VisualStudioVersion = 16.0.31515.178
MinimumVisualStudioVersion = 10.0.40219.1
Project("{888888A0-9F3D-457C-B088-3A5042F75D52}") = "CIS261_Garcia_Country", "CIS261_Garcia_Country.pyproj", "{7F816A35-E1B8-4C14-A60D-A1EA10E9E39B}"
EndProject
Global
	GlobalSection(SolutionConfigurationPlatforms) = preSolution
		Debug|Any CPU = Debug|Any CPU
		Release|Any CPU = Release|Any CPU
	EndGlobalSection
	GlobalSection(ProjectConfigurationPlatforms) = postSolution
		{7F816A35-E1B8-4C14-A60D-A1EA10E9E39B}.Debug|Any CPU.ActiveCfg = Debug|Any CPU
		{7F816A35-E1B8-4C14-A60D-A1EA10E9E39B}.Release|Any CPU.ActiveCfg = Release|Any CPU
	EndGlobalSection
	GlobalSection(SolutionProperties) = preSolution
		HideSolutionNode = FALSE
	EndGlobalSection
	GlobalSection(ExtensibilityGlobals) = postSolution
		SolutionGuid = {6003DF2E-9EBD-47EC-B1A9-EF0A7B6EE253}
	EndGlobalSection
EndGlobal
